
Microsoft Visual Studio Solution File, Format Version 12.00
# Visual Studio Version 17
VisualStudioVersion = 17.9.34607.119
MinimumVisualStudioVersion = 10.0.40219.1
Project("{FAE04EC0-301F-11D3-BF4B-00C04F79EFBC}") = "Lab14ex1", "Lab14ex1\Lab14ex1.csproj", "{1A4CAF02-74E8-48BE-A692-3A11968B9A43}"
EndProject
Global
	GlobalSection(SolutionConfigurationPlatforms) = preSolution
		Debug|Any CPU = Debug|Any CPU
		Release|Any CPU = Release|Any CPU
	EndGlobalSection
	GlobalSection(ProjectConfigurationPlatforms) = postSolution
		{1A4CAF02-74E8-48BE-A692-3A11968B9A43}.Debug|Any CPU.ActiveCfg = Debug|Any CPU
		{1A4CAF02-74E8-48BE-A692-3A11968B9A43}.Debug|Any CPU.Build.0 = Debug|Any CPU
		{1A4CAF02-74E8-48BE-A692-3A11968B9A43}.Release|Any CPU.ActiveCfg = Release|Any CPU
		{1A4CAF02-74E8-48BE-A692-3A11968B9A43}.Release|Any CPU.Build.0 = Release|Any CPU
	EndGlobalSection
	GlobalSection(SolutionProperties) = preSolution
		HideSolutionNode = FALSE
	EndGlobalSection
	GlobalSection(ExtensibilityGlobals) = postSolution
		SolutionGuid = {DE79B39E-D817-42FE-8BCE-C01A69E310BF}
	EndGlobalSection
EndGlobal
